
Microsoft Visual Studio Solution File, Format Version 12.00
# Visual Studio Version 16
VisualStudioVersion = 16.0.32228.343
MinimumVisualStudioVersion = 10.0.40219.1
Project("{FAE04EC0-301F-11D3-BF4B-00C04F79EFBC}") = "Constitution", "Constitution.csproj", "{EE5BAC8E-AFAF-47A8-AE2E-636FDFAB9F5A}"
EndProject
Global
	GlobalSection(SolutionConfigurationPlatforms) = preSolution
		Debug|Any CPU = Debug|Any CPU
		Release|Any CPU = Release|Any CPU
		Test|Any CPU = Test|Any CPU
	EndGlobalSection
	GlobalSection(ProjectConfigurationPlatforms) = postSolution
		{EE5BAC8E-AFAF-47A8-AE2E-636FDFAB9F5A}.Debug|Any CPU.ActiveCfg = Debug|Any CPU
		{EE5BAC8E-AFAF-47A8-AE2E-636FDFAB9F5A}.Debug|Any CPU.Build.0 = Debug|Any CPU
		{EE5BAC8E-AFAF-47A8-AE2E-636FDFAB9F5A}.Release|Any CPU.ActiveCfg = Release|Any CPU
		{EE5BAC8E-AFAF-47A8-AE2E-636FDFAB9F5A}.Release|Any CPU.Build.0 = Release|Any CPU
		{EE5BAC8E-AFAF-47A8-AE2E-636FDFAB9F5A}.Test|Any CPU.ActiveCfg = Test|Any CPU
		{EE5BAC8E-AFAF-47A8-AE2E-636FDFAB9F5A}.Test|Any CPU.Build.0 = Test|Any CPU
	EndGlobalSection
	GlobalSection(SolutionProperties) = preSolution
		HideSolutionNode = FALSE
	EndGlobalSection
	GlobalSection(ExtensibilityGlobals) = postSolution
		SolutionGuid = {A242831F-D1FE-48BE-9E95-AFAB9FA91277}
	EndGlobalSection
EndGlobal
